
Microsoft Visual Studio Solution File, Format Version 12.00
# Visual Studio Version 17
VisualStudioVersion = 17.8.34330.188
MinimumVisualStudioVersion = 10.0.40219.1
Project("{9A19103F-16F7-4668-BE54-9A1E7A4F7556}") = "ShapesLibrary", "ShapesLibrary\ShapesLibrary.csproj", "{A57A40BA-9056-4C26-85E1-5676234FC967}"
EndProject
Project("{9A19103F-16F7-4668-BE54-9A1E7A4F7556}") = "ShapesTests", "ShapesTests\ShapesTests.csproj", "{58C65CE3-F855-4CC1-BE59-551B75D520C8}"
EndProject
Project("{9A19103F-16F7-4668-BE54-9A1E7A4F7556}") = "ShapesConsole", "ShapesConsole\ShapesConsole.csproj", "{BB88D023-15C5-4715-8C05-93E652EBEED9}"
EndProject
Global
	GlobalSection(SolutionConfigurationPlatforms) = preSolution
		Debug|Any CPU = Debug|Any CPU
		Release|Any CPU = Release|Any CPU
	EndGlobalSection
	GlobalSection(ProjectConfigurationPlatforms) = postSolution
		{A57A40BA-9056-4C26-85E1-5676234FC967}.Debug|Any CPU.ActiveCfg = Debug|Any CPU
		{A57A40BA-9056-4C26-85E1-5676234FC967}.Debug|Any CPU.Build.0 = Debug|Any CPU
		{A57A40BA-9056-4C26-85E1-5676234FC967}.Release|Any CPU.ActiveCfg = Release|Any CPU
		{A57A40BA-9056-4C26-85E1-5676234FC967}.Release|Any CPU.Build.0 = Release|Any CPU
		{58C65CE3-F855-4CC1-BE59-551B75D520C8}.Debug|Any CPU.ActiveCfg = Debug|Any CPU
		{58C65CE3-F855-4CC1-BE59-551B75D520C8}.Debug|Any CPU.Build.0 = Debug|Any CPU
		{58C65CE3-F855-4CC1-BE59-551B75D520C8}.Release|Any CPU.ActiveCfg = Release|Any CPU
		{58C65CE3-F855-4CC1-BE59-551B75D520C8}.Release|Any CPU.Build.0 = Release|Any CPU
		{BB88D023-15C5-4715-8C05-93E652EBEED9}.Debug|Any CPU.ActiveCfg = Debug|Any CPU
		{BB88D023-15C5-4715-8C05-93E652EBEED9}.Debug|Any CPU.Build.0 = Debug|Any CPU
		{BB88D023-15C5-4715-8C05-93E652EBEED9}.Release|Any CPU.ActiveCfg = Release|Any CPU
		{BB88D023-15C5-4715-8C05-93E652EBEED9}.Release|Any CPU.Build.0 = Release|Any CPU
	EndGlobalSection
	GlobalSection(SolutionProperties) = preSolution
		HideSolutionNode = FALSE
	EndGlobalSection
	GlobalSection(ExtensibilityGlobals) = postSolution
		SolutionGuid = {88575368-61E8-4D4A-BB80-B49E0B441AAA}
	EndGlobalSection
EndGlobal
